
Microsoft Visual Studio Solution File, Format Version 12.00
# Visual Studio Version 17
VisualStudioVersion = 17.6.33723.286
MinimumVisualStudioVersion = 10.0.40219.1
Project("{9A19103F-16F7-4668-BE54-9A1E7A4F7556}") = "DKR_PasswordField2023", "DKR_PasswordField2023\DKR_PasswordField2023.csproj", "{90F7CBB2-CE20-48F5-8C94-0C276D390ED2}"
EndProject
Global
	GlobalSection(SolutionConfigurationPlatforms) = preSolution
		Debug|Any CPU = Debug|Any CPU
		Release|Any CPU = Release|Any CPU
	EndGlobalSection
	GlobalSection(ProjectConfigurationPlatforms) = postSolution
		{90F7CBB2-CE20-48F5-8C94-0C276D390ED2}.Debug|Any CPU.ActiveCfg = Debug|Any CPU
		{90F7CBB2-CE20-48F5-8C94-0C276D390ED2}.Debug|Any CPU.Build.0 = Debug|Any CPU
		{90F7CBB2-CE20-48F5-8C94-0C276D390ED2}.Release|Any CPU.ActiveCfg = Release|Any CPU
		{90F7CBB2-CE20-48F5-8C94-0C276D390ED2}.Release|Any CPU.Build.0 = Release|Any CPU
	EndGlobalSection
	GlobalSection(SolutionProperties) = preSolution
		HideSolutionNode = FALSE
	EndGlobalSection
	GlobalSection(ExtensibilityGlobals) = postSolution
		SolutionGuid = {D6F4B2D9-B227-4652-AE1E-1390E84503A5}
	EndGlobalSection
EndGlobal
